
Microsoft Visual Studio Solution File, Format Version 12.00
# Visual Studio Version 17
VisualStudioVersion = 17.6.33801.468
MinimumVisualStudioVersion = 10.0.40219.1
Project("{8BC9CEB8-8B4A-11D0-8D11-00A0C91BC942}") = "axsam", "axsam\axsam.vcxproj", "{1CA49C6E-29A3-40C3-A5DC-B7A09AED5A27}"
EndProject
Global
	GlobalSection(SolutionConfigurationPlatforms) = preSolution
		Debug|x64 = Debug|x64
		Debug|x86 = Debug|x86
		Release|x64 = Release|x64
		Release|x86 = Release|x86
	EndGlobalSection
	GlobalSection(ProjectConfigurationPlatforms) = postSolution
		{1CA49C6E-29A3-40C3-A5DC-B7A09AED5A27}.Debug|x64.ActiveCfg = Debug|x64
		{1CA49C6E-29A3-40C3-A5DC-B7A09AED5A27}.Debug|x64.Build.0 = Debug|x64
		{1CA49C6E-29A3-40C3-A5DC-B7A09AED5A27}.Debug|x86.ActiveCfg = Debug|Win32
		{1CA49C6E-29A3-40C3-A5DC-B7A09AED5A27}.Debug|x86.Build.0 = Debug|Win32
		{1CA49C6E-29A3-40C3-A5DC-B7A09AED5A27}.Release|x64.ActiveCfg = Release|x64
		{1CA49C6E-29A3-40C3-A5DC-B7A09AED5A27}.Release|x64.Build.0 = Release|x64
		{1CA49C6E-29A3-40C3-A5DC-B7A09AED5A27}.Release|x86.ActiveCfg = Release|Win32
		{1CA49C6E-29A3-40C3-A5DC-B7A09AED5A27}.Release|x86.Build.0 = Release|Win32
	EndGlobalSection
	GlobalSection(SolutionProperties) = preSolution
		HideSolutionNode = FALSE
	EndGlobalSection
	GlobalSection(ExtensibilityGlobals) = postSolution
		SolutionGuid = {EEA7D88F-AFE1-4DD2-B477-B1CDEF502DA9}
	EndGlobalSection
EndGlobal
